
Microsoft Visual Studio Solution File, Format Version 12.00
# Visual Studio Version 17
VisualStudioVersion = 17.9.34407.89
MinimumVisualStudioVersion = 10.0.40219.1
Project("{9A19103F-16F7-4668-BE54-9A1E7A4F7556}") = "Moodles", "Moodles\Moodles.csproj", "{FA213083-9A61-4C0C-9DFC-6D7D46D47638}"
EndProject
Project("{9A19103F-16F7-4668-BE54-9A1E7A4F7556}") = "ECommons", "ECommons\ECommons\ECommons.csproj", "{B55C5497-0AE9-4BCD-B4EE-F70EB21FC6FC}"
EndProject
Project("{FAE04EC0-301F-11D3-BF4B-00C04F79EFBC}") = "OtterGui", "OtterGui\OtterGui.csproj", "{9EC71A1C-3348-BA01-85FA-8361B6EB8537}"
EndProject
Global
	GlobalSection(SolutionConfigurationPlatforms) = preSolution
		Debug|Any CPU = Debug|Any CPU
		Debug|x64 = Debug|x64
		Release|Any CPU = Release|Any CPU
		Release|x64 = Release|x64
	EndGlobalSection
	GlobalSection(ProjectConfigurationPlatforms) = postSolution
		{FA213083-9A61-4C0C-9DFC-6D7D46D47638}.Debug|Any CPU.ActiveCfg = Debug|x64
		{FA213083-9A61-4C0C-9DFC-6D7D46D47638}.Debug|Any CPU.Build.0 = Debug|x64
		{FA213083-9A61-4C0C-9DFC-6D7D46D47638}.Debug|x64.ActiveCfg = Debug|x64
		{FA213083-9A61-4C0C-9DFC-6D7D46D47638}.Debug|x64.Build.0 = Debug|x64
		{FA213083-9A61-4C0C-9DFC-6D7D46D47638}.Release|Any CPU.ActiveCfg = Release|x64
		{FA213083-9A61-4C0C-9DFC-6D7D46D47638}.Release|Any CPU.Build.0 = Release|x64
		{FA213083-9A61-4C0C-9DFC-6D7D46D47638}.Release|x64.ActiveCfg = Release|x64
		{FA213083-9A61-4C0C-9DFC-6D7D46D47638}.Release|x64.Build.0 = Release|x64
		{B55C5497-0AE9-4BCD-B4EE-F70EB21FC6FC}.Debug|Any CPU.ActiveCfg = Debug|x64
		{B55C5497-0AE9-4BCD-B4EE-F70EB21FC6FC}.Debug|Any CPU.Build.0 = Debug|x64
		{B55C5497-0AE9-4BCD-B4EE-F70EB21FC6FC}.Debug|x64.ActiveCfg = Debug|x64
		{B55C5497-0AE9-4BCD-B4EE-F70EB21FC6FC}.Debug|x64.Build.0 = Debug|x64
		{B55C5497-0AE9-4BCD-B4EE-F70EB21FC6FC}.Release|Any CPU.ActiveCfg = Release|x64
		{B55C5497-0AE9-4BCD-B4EE-F70EB21FC6FC}.Release|Any CPU.Build.0 = Release|x64
		{B55C5497-0AE9-4BCD-B4EE-F70EB21FC6FC}.Release|x64.ActiveCfg = Release|x64
		{B55C5497-0AE9-4BCD-B4EE-F70EB21FC6FC}.Release|x64.Build.0 = Release|x64
		{9EC71A1C-3348-BA01-85FA-8361B6EB8537}.Debug|Any CPU.ActiveCfg = Debug|x64
		{9EC71A1C-3348-BA01-85FA-8361B6EB8537}.Debug|Any CPU.Build.0 = Debug|x64
		{9EC71A1C-3348-BA01-85FA-8361B6EB8537}.Debug|x64.ActiveCfg = Debug|x64
		{9EC71A1C-3348-BA01-85FA-8361B6EB8537}.Debug|x64.Build.0 = Debug|x64
		{9EC71A1C-3348-BA01-85FA-8361B6EB8537}.Release|Any CPU.ActiveCfg = Release|x64
		{9EC71A1C-3348-BA01-85FA-8361B6EB8537}.Release|Any CPU.Build.0 = Release|x64
		{9EC71A1C-3348-BA01-85FA-8361B6EB8537}.Release|x64.ActiveCfg = Release|x64
		{9EC71A1C-3348-BA01-85FA-8361B6EB8537}.Release|x64.Build.0 = Release|x64
	EndGlobalSection
	GlobalSection(SolutionProperties) = preSolution
		HideSolutionNode = FALSE
	EndGlobalSection
	GlobalSection(ExtensibilityGlobals) = postSolution
		SolutionGuid = {2C36645E-E607-488A-AE57-450AC8237C58}
	EndGlobalSection
EndGlobal
