
Microsoft Visual Studio Solution File, Format Version 12.00
# Visual Studio Version 17
VisualStudioVersion = 17.9.34407.89
MinimumVisualStudioVersion = 10.0.40219.1
Project("{9A19103F-16F7-4668-BE54-9A1E7A4F7556}") = "Moodles", "Moodles\Moodles.csproj", "{FA213083-9A61-4C0C-9DFC-6D7D46D47638}"
EndProject
Project("{9A19103F-16F7-4668-BE54-9A1E7A4F7556}") = "OtterGui", "OtterGui\OtterGui.csproj", "{FB51242D-C9AF-4D09-A531-AD80C9348B32}"
EndProject
Project("{FAE04EC0-301F-11D3-BF4B-00C04F79EFBC}") = "ECommons", "ECommons\ECommons\ECommons.csproj", "{0B1F2C54-98D7-DBB6-6CDF-C71EE0173954}"
EndProject
Global
	GlobalSection(SolutionConfigurationPlatforms) = preSolution
		Debug|Any CPU = Debug|Any CPU
		Debug|x64 = Debug|x64
		DebugForms|Any CPU = DebugForms|Any CPU
		DebugForms|x64 = DebugForms|x64
		Release|Any CPU = Release|Any CPU
		Release|x64 = Release|x64
		ReleaseForms|Any CPU = ReleaseForms|Any CPU
		ReleaseForms|x64 = ReleaseForms|x64
	EndGlobalSection
	GlobalSection(ProjectConfigurationPlatforms) = postSolution
		{FA213083-9A61-4C0C-9DFC-6D7D46D47638}.Debug|Any CPU.ActiveCfg = Debug|x64
		{FA213083-9A61-4C0C-9DFC-6D7D46D47638}.Debug|Any CPU.Build.0 = Debug|x64
		{FA213083-9A61-4C0C-9DFC-6D7D46D47638}.Debug|x64.ActiveCfg = Debug|x64
		{FA213083-9A61-4C0C-9DFC-6D7D46D47638}.Debug|x64.Build.0 = Debug|x64
		{FA213083-9A61-4C0C-9DFC-6D7D46D47638}.DebugForms|Any CPU.ActiveCfg = Debug|x64
		{FA213083-9A61-4C0C-9DFC-6D7D46D47638}.DebugForms|Any CPU.Build.0 = Debug|x64
		{FA213083-9A61-4C0C-9DFC-6D7D46D47638}.DebugForms|x64.ActiveCfg = Debug|x64
		{FA213083-9A61-4C0C-9DFC-6D7D46D47638}.DebugForms|x64.Build.0 = Debug|x64
		{FA213083-9A61-4C0C-9DFC-6D7D46D47638}.Release|Any CPU.ActiveCfg = Release|x64
		{FA213083-9A61-4C0C-9DFC-6D7D46D47638}.Release|Any CPU.Build.0 = Release|x64
		{FA213083-9A61-4C0C-9DFC-6D7D46D47638}.Release|x64.ActiveCfg = Release|x64
		{FA213083-9A61-4C0C-9DFC-6D7D46D47638}.Release|x64.Build.0 = Release|x64
		{FA213083-9A61-4C0C-9DFC-6D7D46D47638}.ReleaseForms|Any CPU.ActiveCfg = Release|x64
		{FA213083-9A61-4C0C-9DFC-6D7D46D47638}.ReleaseForms|Any CPU.Build.0 = Release|x64
		{FA213083-9A61-4C0C-9DFC-6D7D46D47638}.ReleaseForms|x64.ActiveCfg = Release|x64
		{FA213083-9A61-4C0C-9DFC-6D7D46D47638}.ReleaseForms|x64.Build.0 = Release|x64
		{FB51242D-C9AF-4D09-A531-AD80C9348B32}.Debug|Any CPU.ActiveCfg = Debug|Any CPU
		{FB51242D-C9AF-4D09-A531-AD80C9348B32}.Debug|Any CPU.Build.0 = Debug|Any CPU
		{FB51242D-C9AF-4D09-A531-AD80C9348B32}.Debug|x64.ActiveCfg = Debug|Any CPU
		{FB51242D-C9AF-4D09-A531-AD80C9348B32}.Debug|x64.Build.0 = Debug|Any CPU
		{FB51242D-C9AF-4D09-A531-AD80C9348B32}.DebugForms|Any CPU.ActiveCfg = Debug|Any CPU
		{FB51242D-C9AF-4D09-A531-AD80C9348B32}.DebugForms|Any CPU.Build.0 = Debug|Any CPU
		{FB51242D-C9AF-4D09-A531-AD80C9348B32}.DebugForms|x64.ActiveCfg = Debug|Any CPU
		{FB51242D-C9AF-4D09-A531-AD80C9348B32}.DebugForms|x64.Build.0 = Debug|Any CPU
		{FB51242D-C9AF-4D09-A531-AD80C9348B32}.Release|Any CPU.ActiveCfg = Release|Any CPU
		{FB51242D-C9AF-4D09-A531-AD80C9348B32}.Release|Any CPU.Build.0 = Release|Any CPU
		{FB51242D-C9AF-4D09-A531-AD80C9348B32}.Release|x64.ActiveCfg = Release|Any CPU
		{FB51242D-C9AF-4D09-A531-AD80C9348B32}.Release|x64.Build.0 = Release|Any CPU
		{FB51242D-C9AF-4D09-A531-AD80C9348B32}.ReleaseForms|Any CPU.ActiveCfg = Release|Any CPU
		{FB51242D-C9AF-4D09-A531-AD80C9348B32}.ReleaseForms|Any CPU.Build.0 = Release|Any CPU
		{FB51242D-C9AF-4D09-A531-AD80C9348B32}.ReleaseForms|x64.ActiveCfg = Release|Any CPU
		{FB51242D-C9AF-4D09-A531-AD80C9348B32}.ReleaseForms|x64.Build.0 = Release|Any CPU
		{0B1F2C54-98D7-DBB6-6CDF-C71EE0173954}.Debug|Any CPU.ActiveCfg = Debug|x64
		{0B1F2C54-98D7-DBB6-6CDF-C71EE0173954}.Debug|Any CPU.Build.0 = Debug|x64
		{0B1F2C54-98D7-DBB6-6CDF-C71EE0173954}.Debug|x64.ActiveCfg = Debug|x64
		{0B1F2C54-98D7-DBB6-6CDF-C71EE0173954}.Debug|x64.Build.0 = Debug|x64
		{0B1F2C54-98D7-DBB6-6CDF-C71EE0173954}.DebugForms|Any CPU.ActiveCfg = DebugForms|x64
		{0B1F2C54-98D7-DBB6-6CDF-C71EE0173954}.DebugForms|Any CPU.Build.0 = DebugForms|x64
		{0B1F2C54-98D7-DBB6-6CDF-C71EE0173954}.DebugForms|x64.ActiveCfg = DebugForms|x64
		{0B1F2C54-98D7-DBB6-6CDF-C71EE0173954}.DebugForms|x64.Build.0 = DebugForms|x64
		{0B1F2C54-98D7-DBB6-6CDF-C71EE0173954}.Release|Any CPU.ActiveCfg = Release|x64
		{0B1F2C54-98D7-DBB6-6CDF-C71EE0173954}.Release|Any CPU.Build.0 = Release|x64
		{0B1F2C54-98D7-DBB6-6CDF-C71EE0173954}.Release|x64.ActiveCfg = Release|x64
		{0B1F2C54-98D7-DBB6-6CDF-C71EE0173954}.Release|x64.Build.0 = Release|x64
		{0B1F2C54-98D7-DBB6-6CDF-C71EE0173954}.ReleaseForms|Any CPU.ActiveCfg = ReleaseForms|x64
		{0B1F2C54-98D7-DBB6-6CDF-C71EE0173954}.ReleaseForms|Any CPU.Build.0 = ReleaseForms|x64
		{0B1F2C54-98D7-DBB6-6CDF-C71EE0173954}.ReleaseForms|x64.ActiveCfg = ReleaseForms|x64
		{0B1F2C54-98D7-DBB6-6CDF-C71EE0173954}.ReleaseForms|x64.Build.0 = ReleaseForms|x64
	EndGlobalSection
	GlobalSection(SolutionProperties) = preSolution
		HideSolutionNode = FALSE
	EndGlobalSection
	GlobalSection(ExtensibilityGlobals) = postSolution
		SolutionGuid = {2C36645E-E607-488A-AE57-450AC8237C58}
	EndGlobalSection
EndGlobal
