{
  "version": 1,
  "dependencies": {
    "net9.0-windows7.0": {
      "DalamudPackager": {
        "type": "Direct",
        "requested": "[13.0.0, )",
        "resolved": "13.0.0",
        "contentHash": "Mb3cUDSK/vDPQ8gQIeuCw03EMYrej1B4J44a1AvIJ9C759p9XeqdU9Hg4WgOmlnlPe0G7ILTD32PKSUpkQNa8w=="
      },
      "DotNet.ReproducibleBuilds": {
        "type": "Direct",
        "requested": "[1.2.25, )",
        "resolved": "1.2.25",
        "contentHash": "xCXiw7BCxHJ8pF6wPepRUddlh2dlQlbr81gXA72hdk4FLHkKXas7EH/n+fk5UCA/YfMqG1Z6XaPiUjDbUNBUzg=="
      },
      "MemoryPack": {
        "type": "Direct",
        "requested": "[1.10.0, )",
        "resolved": "1.10.0",
        "contentHash": "QgvbIRqAXUvp4/3WcFahjOM3Hy42Ma2OxFsXitstc5XGHDpEl6zdV8XedxbBpvl29sS++i3BzT71/8ET1SyBvg==",
        "dependencies": {
          "MemoryPack.Core": "1.10.0",
          "MemoryPack.Generator": "1.10.0"
        }
      },
      "MemoryPack.Core": {
        "type": "Direct",
        "requested": "[1.10.0, )",
        "resolved": "1.10.0",
        "contentHash": "MxQ7jag9AOXyAbq7DGvaJBANINLxnkzibOMuwdYAjQDaeIWamIi8Z/QmkOJGBUPGANjIxv2J07rMsFFnHJW/iQ=="
      },
      "MemoryPack.Generator": {
        "type": "Direct",
        "requested": "[1.10.0, )",
        "resolved": "1.10.0",
        "contentHash": "U6J+mUb95KVO+ytZECLYJ4awuypfiGwNvWQDaEid3fKOz0X5GGQsLyKE4A9CyMqU5SZKri+Md9YcLGYMCqvkKA=="
      },
      "Microsoft.Extensions.DependencyInjection": {
        "type": "Direct",
        "requested": "[9.0.2, )",
        "resolved": "9.0.2",
        "contentHash": "ZffbJrskOZ40JTzcTyKwFHS5eACSWp2bUQBBApIgGV+es8RaTD4OxUG7XxFr3RIPLXtYQ1jQzF2DjKB5fZn7Qg==",
        "dependencies": {
          "Microsoft.Extensions.DependencyInjection.Abstractions": "9.0.2"
        }
      },
      "JetBrains.Annotations": {
        "type": "Transitive",
        "resolved": "2024.3.0",
        "contentHash": "ox5pkeLQXjvJdyAB4b2sBYAlqZGLh3PjSnP1bQNVx72ONuTJ9+34/+Rq91Fc0dG29XG9RgZur9+NcP4riihTug=="
      },
      "Microsoft.Extensions.DependencyInjection.Abstractions": {
        "type": "Transitive",
        "resolved": "9.0.2",
        "contentHash": "MNe7GSTBf3jQx5vYrXF0NZvn6l7hUKF6J54ENfAgCO8y6xjN1XUmKKWG464LP2ye6QqDiA1dkaWEZBYnhoZzjg=="
      },
      "ecommons": {
        "type": "Project"
      },
      "ottergui": {
        "type": "Project",
        "dependencies": {
          "JetBrains.Annotations": "[2024.3.0, )",
          "Microsoft.Extensions.DependencyInjection": "[9.0.2, )"
        }
      }
    }
  }
}